
Microsoft Visual Studio Solution File, Format Version 12.00
# Visual Studio Version 17
VisualStudioVersion = 17.2.32630.192
MinimumVisualStudioVersion = 10.0.40219.1
Project("{FAE04EC0-301F-11D3-BF4B-00C04F79EFBC}") = "MemoryStream", "MemoryStream\MemoryStream.csproj", "{B20E67C6-21EE-41D8-9112-C0332956C448}"
EndProject
Global
	GlobalSection(SolutionConfigurationPlatforms) = preSolution
		Debug|Any CPU = Debug|Any CPU
		Release|Any CPU = Release|Any CPU
	EndGlobalSection
	GlobalSection(ProjectConfigurationPlatforms) = postSolution
		{B20E67C6-21EE-41D8-9112-C0332956C448}.Debug|Any CPU.ActiveCfg = Debug|Any CPU
		{B20E67C6-21EE-41D8-9112-C0332956C448}.Debug|Any CPU.Build.0 = Debug|Any CPU
		{B20E67C6-21EE-41D8-9112-C0332956C448}.Release|Any CPU.ActiveCfg = Release|Any CPU
		{B20E67C6-21EE-41D8-9112-C0332956C448}.Release|Any CPU.Build.0 = Release|Any CPU
	EndGlobalSection
	GlobalSection(SolutionProperties) = preSolution
		HideSolutionNode = FALSE
	EndGlobalSection
	GlobalSection(ExtensibilityGlobals) = postSolution
		SolutionGuid = {062DC88F-5A0B-48CA-BBC3-D5ACD7D0B488}
	EndGlobalSection
EndGlobal
